lockfileVersion: 5.3

specifiers:
  '@types/glob': ^8.0.0
  '@types/mocha': ^10.0.0
  '@types/node': 16.x
  '@types/vscode': ^1.72.0
  '@typescript-eslint/eslint-plugin': ^5.38.1
  '@typescript-eslint/parser': ^5.38.1
  '@vscode/test-electron': ^2.1.5
  azure-devops-node-api: ^11.2.0
  eslint: ^8.24.0
  glob: ^8.0.3
  mocha: ^10.0.0
  typescript: ^4.8.4

dependencies:
  azure-devops-node-api: 11.2.0

devDependencies:
  '@types/glob': 8.0.0
  '@types/mocha': 10.0.0
  '@types/node': 16.11.66
  '@types/vscode': 1.72.0
  '@typescript-eslint/eslint-plugin': 5.40.1_a28c3c0d332041765cb07f6bda2cfee6
  '@typescript-eslint/parser': 5.40.1_eslint@8.25.0+typescript@4.8.4
  '@vscode/test-electron': 2.1.5
  eslint: 8.25.0
  glob: 8.0.3
  mocha: 10.1.0
  typescript: 4.8.4

packages:

  /@eslint/eslintrc/1.3.3:
    resolution: {integrity: sha1-KwRKs5/fp1tGiBhPnlc848Ww/5U=}
    engines: {node: ^12.22.0 || ^14.17.0 || >=16.0.0}
    dependencies:
      ajv: 6.12.6
      debug: 4.3.4
      espree: 9.4.0
      globals: 13.17.0
      ignore: 5.2.0
      import-fresh: 3.3.0
      js-yaml: 4.1.0
      minimatch: 3.1.2
      strip-json-comments: 3.1.1
    transitivePeerDependencies:
      - supports-color
    dev: true

  /@humanwhocodes/config-array/0.10.7:
    resolution: {integrity: sha1-bVN2n9DCInZ+ZFLo69qCXCLp8Nw=}
    engines: {node: '>=10.10.0'}
    dependencies:
      '@humanwhocodes/object-schema': 1.2.1
      debug: 4.3.4
      minimatch: 3.1.2
    transitivePeerDependencies:
      - supports-color
    dev: true

  /@humanwhocodes/module-importer/1.0.1:
    resolution: {integrity: sha1-r1smkaIrRL6EewyoFkHF+2rQFyw=}
    engines: {node: '>=12.22'}
    dev: true

  /@humanwhocodes/object-schema/1.2.1:
    resolution: {integrity: sha1-tSBSnsIdjllFoYUd/Rwy6U45/0U=}
    dev: true

  /@nodelib/fs.scandir/2.1.5:
    resolution: {integrity: sha1-dhnC6yGyVIP20WdUi0z9WnSIw9U=}
    engines: {node: '>= 8'}
    dependencies:
      '@nodelib/fs.stat': 2.0.5
      run-parallel: 1.2.0
    dev: true

  /@nodelib/fs.stat/2.0.5:
    resolution: {integrity: sha1-W9Jir5Tp0lvR5xsF3u1Eh2oiLos=}
    engines: {node: '>= 8'}
    dev: true

  /@nodelib/fs.walk/1.2.8:
    resolution: {integrity: sha1-6Vc36LtnRt3t9pxVaVNJTxlv5po=}
    engines: {node: '>= 8'}
    dependencies:
      '@nodelib/fs.scandir': 2.1.5
      fastq: 1.13.0
    dev: true

  /@tootallnate/once/1.1.2:
    resolution: {integrity: sha1-zLkURTYBeaBOf+av94wA/8Hur4I=}
    engines: {node: '>= 6'}
    dev: true

  /@types/glob/8.0.0:
    resolution: {integrity: sha1-MhYH6cuuxU9oegeSstHTcHOUVdI=}
    dependencies:
      '@types/minimatch': 5.1.2
      '@types/node': 16.11.66
    dev: true

  /@types/json-schema/7.0.11:
    resolution: {integrity: sha1-1CG2xSejA398hEM/0sQingFoY9M=}
    dev: true

  /@types/minimatch/5.1.2:
    resolution: {integrity: sha1-B1CLRXl8uB7D8nMBGwVM0HVe3co=}
    dev: true

  /@types/mocha/10.0.0:
    resolution: {integrity: sha1-PZAYxXXw4/c4bB3oDuZswh+7elI=}
    dev: true

  /@types/node/16.11.66:
    resolution: {integrity: sha1-l/aJHDuHcOIRY7k5GNV/0beZ4jU=}
    dev: true

  /@types/semver/7.3.12:
    resolution: {integrity: sha1-kgRH/deNdrGd4EOLf2DfPEqAvxw=}
    dev: true

  /@types/vscode/1.72.0:
    resolution: {integrity: sha1-VkR8ourKNPDQeXyLueUd4TL2uwo=}
    dev: true

  /@typescript-eslint/eslint-plugin/5.40.1_a28c3c0d332041765cb07f6bda2cfee6:
    resolution: {integrity: sha1-MgOm/zlrEZQIP6qm5REMQBIB19U=}
    engines: {node: ^12.22.0 || ^14.17.0 || >=16.0.0}
    peerDependencies:
      '@typescript-eslint/parser': ^5.0.0
      eslint: ^6.0.0 || ^7.0.0 || ^8.0.0
      typescript: '*'
    peerDependenciesMeta:
      typescript:
        optional: true
    dependencies:
      '@typescript-eslint/parser': 5.40.1_eslint@8.25.0+typescript@4.8.4
      '@typescript-eslint/scope-manager': 5.40.1
      '@typescript-eslint/type-utils': 5.40.1_eslint@8.25.0+typescript@4.8.4
      '@typescript-eslint/utils': 5.40.1_eslint@8.25.0+typescript@4.8.4
      debug: 4.3.4
      eslint: 8.25.0
      ignore: 5.2.0
      regexpp: 3.2.0
      semver: 7.3.8
      tsutils: 3.21.0_typescript@4.8.4
      typescript: 4.8.4
    transitivePeerDependencies:
      - supports-color
    dev: true

  /@typescript-eslint/parser/5.40.1_eslint@8.25.0+typescript@4.8.4:
    resolution: {integrity: sha1-5/gpXdgVTQ031mHd2OLw7P3uKN0=}
    engines: {node: ^12.22.0 || ^14.17.0 || >=16.0.0}
    peerDependencies:
      eslint: ^6.0.0 || ^7.0.0 || ^8.0.0
      typescript: '*'
    peerDependenciesMeta:
      typescript:
        optional: true
    dependencies:
      '@typescript-eslint/scope-manager': 5.40.1
      '@typescript-eslint/types': 5.40.1
      '@typescript-eslint/typescript-estree': 5.40.1_typescript@4.8.4
      debug: 4.3.4
      eslint: 8.25.0
      typescript: 4.8.4
    transitivePeerDependencies:
      - supports-color
    dev: true

  /@typescript-eslint/scope-manager/5.40.1:
    resolution: {integrity: sha1-p6UZff0jRiKiQh6lkO4MzALhjf4=}
    engines: {node: ^12.22.0 || ^14.17.0 || >=16.0.0}
    dependencies:
      '@typescript-eslint/types': 5.40.1
      '@typescript-eslint/visitor-keys': 5.40.1
    dev: true

  /@typescript-eslint/type-utils/5.40.1_eslint@8.25.0+typescript@4.8.4:
    resolution: {integrity: sha1-CR5M476722j0mAuune4uThcl9gE=}
    engines: {node: ^12.22.0 || ^14.17.0 || >=16.0.0}
    peerDependencies:
      eslint: '*'
      typescript: '*'
    peerDependenciesMeta:
      typescript:
        optional: true
    dependencies:
      '@typescript-eslint/typescript-estree': 5.40.1_typescript@4.8.4
      '@typescript-eslint/utils': 5.40.1_eslint@8.25.0+typescript@4.8.4
      debug: 4.3.4
      eslint: 8.25.0
      tsutils: 3.21.0_typescript@4.8.4
      typescript: 4.8.4
    transitivePeerDependencies:
      - supports-color
    dev: true

  /@typescript-eslint/types/5.40.1:
    resolution: {integrity: sha1-3jf09k3nMe5FS7IIXXEDCqgy90k=}
    engines: {node: ^12.22.0 || ^14.17.0 || >=16.0.0}
    dev: true

  /@typescript-eslint/typescript-estree/5.40.1_typescript@4.8.4:
    resolution: {integrity: sha1-mn0lSS8CxpiCzl4M0YV7DFVkXXI=}
    engines: {node: ^12.22.0 || ^14.17.0 || >=16.0.0}
    peerDependencies:
      typescript: '*'
    peerDependenciesMeta:
      typescript:
        optional: true
    dependencies:
      '@typescript-eslint/types': 5.40.1
      '@typescript-eslint/visitor-keys': 5.40.1
      debug: 4.3.4
      globby: 11.1.0
      is-glob: 4.0.3
      semver: 7.3.8
      tsutils: 3.21.0_typescript@4.8.4
      typescript: 4.8.4
    transitivePeerDependencies:
      - supports-color
    dev: true

  /@typescript-eslint/utils/5.40.1_eslint@8.25.0+typescript@4.8.4:
    resolution: {integrity: sha1-MgT7c6VZ07e6t9ydPERIfCc0qco=}
    engines: {node: ^12.22.0 || ^14.17.0 || >=16.0.0}
    peerDependencies:
      eslint: ^6.0.0 || ^7.0.0 || ^8.0.0
    dependencies:
      '@types/json-schema': 7.0.11
      '@types/semver': 7.3.12
      '@typescript-eslint/scope-manager': 5.40.1
      '@typescript-eslint/types': 5.40.1
      '@typescript-eslint/typescript-estree': 5.40.1_typescript@4.8.4
      eslint: 8.25.0
      eslint-scope: 5.1.1
      eslint-utils: 3.0.0_eslint@8.25.0
      semver: 7.3.8
    transitivePeerDependencies:
      - supports-color
      - typescript
    dev: true

  /@typescript-eslint/visitor-keys/5.40.1:
    resolution: {integrity: sha1-89K/WvGS9EMrhM7G/cs4cZNRh1Q=}
    engines: {node: ^12.22.0 || ^14.17.0 || >=16.0.0}
    dependencies:
      '@typescript-eslint/types': 5.40.1
      eslint-visitor-keys: 3.3.0
    dev: true

  /@vscode/test-electron/2.1.5:
    resolution: {integrity: sha1-rJj49EXqRZB1P1+gx/bkKY8Iw7c=}
    engines: {node: '>=8.9.3'}
    dependencies:
      http-proxy-agent: 4.0.1
      https-proxy-agent: 5.0.1
      rimraf: 3.0.2
      unzipper: 0.10.11
    transitivePeerDependencies:
      - supports-color
    dev: true

  /acorn-jsx/5.3.2_acorn@8.8.0:
    resolution: {integrity: sha1-ftW7VZCLOy8bxVxq8WU7rafweTc=}
    peerDependencies:
      acorn: ^6.0.0 || ^7.0.0 || ^8.0.0
    dependencies:
      acorn: 8.8.0
    dev: true

  /acorn/8.8.0:
    resolution: {integrity: sha1-iMAYdiBDXH9gFYA/VTna4Fqdvqg=}
    engines: {node: '>=0.4.0'}
    hasBin: true
    dev: true

  /agent-base/6.0.2:
    resolution: {integrity: sha1-Sf/1hXfP7j83F2/qtMIuAPhtf3c=}
    engines: {node: '>= 6.0.0'}
    dependencies:
      debug: 4.3.4
    transitivePeerDependencies:
      - supports-color
    dev: true

  /ajv/6.12.6:
    resolution: {integrity: sha1-uvWmLoArB9l3A0WG+MO69a3ybfQ=}
    dependencies:
      fast-deep-equal: 3.1.3
      fast-json-stable-stringify: 2.1.0
      json-schema-traverse: 0.4.1
      uri-js: 4.4.1
    dev: true

  /ansi-colors/4.1.1:
    resolution: {integrity: sha1-y7muJWv3UK8eqzRPIpqif+lLo0g=}
    engines: {node: '>=6'}
    dev: true

  /ansi-regex/5.0.1:
    resolution: {integrity: sha1-CCyyyJyf6GWaMRpTvWpNxTAdswQ=}
    engines: {node: '>=8'}
    dev: true

  /ansi-styles/4.3.0:
    resolution: {integrity: sha1-7dgDYornHATIWuegkG7a00tkiTc=}
    engines: {node: '>=8'}
    dependencies:
      color-convert: 2.0.1
    dev: true

  /anymatch/3.1.2:
    resolution: {integrity: sha1-wFV8CWrzLxBhmPT04qODU343hxY=}
    engines: {node: '>= 8'}
    dependencies:
      normalize-path: 3.0.0
      picomatch: 2.3.1
    dev: true

  /argparse/2.0.1:
    resolution: {integrity: sha1-JG9Q88p4oyQPbJl+ipvR6sSeSzg=}
    dev: true

  /array-union/2.1.0:
    resolution: {integrity: sha1-t5hCCtvrHego2ErNii4j0+/oXo0=}
    engines: {node: '>=8'}
    dev: true

  /azure-devops-node-api/11.2.0:
    resolution: {integrity: sha1-vwTtvvYDExF6BQdBXu1HkKQgrWs=}
    dependencies:
      tunnel: 0.0.6
      typed-rest-client: 1.8.9
    dev: false

  /balanced-match/1.0.2:
    resolution: {integrity: sha1-6D46fj8wCzTLnYf2FfoMvzV2kO4=}
    dev: true

  /big-integer/1.6.51:
    resolution: {integrity: sha1-DfkqXZiAVg0/8tX9ICRciJ0TBoY=}
    engines: {node: '>=0.6'}
    dev: true

  /binary-extensions/2.2.0:
    resolution: {integrity: sha1-dfUC7q+f/eQvyYgpZFvk6na9ni0=}
    engines: {node: '>=8'}
    dev: true

  /binary/0.3.0:
    resolution: {integrity: sha1-n2BVO8XOjDOG87VTz/R0Yq3sqnk=}
    dependencies:
      buffers: 0.1.1
      chainsaw: 0.1.0
    dev: true

  /bluebird/3.4.7:
    resolution: {integrity: sha1-9y12C+Cbf3bQjtj66Ysomo0F+rM=}
    dev: true

  /brace-expansion/1.1.11:
    resolution: {integrity: sha1-PH/L9SnYcibz0vUrlm/1Jx60Qd0=}
    dependencies:
      balanced-match: 1.0.2
      concat-map: 0.0.1
    dev: true

  /brace-expansion/2.0.1:
    resolution: {integrity: sha1-HtxFng8MVISG7Pn8mfIiE2S5oK4=}
    dependencies:
      balanced-match: 1.0.2
    dev: true

  /braces/3.0.2:
    resolution: {integrity: sha1-NFThpGLujVmeI23zNs2epPiv4Qc=}
    engines: {node: '>=8'}
    dependencies:
      fill-range: 7.0.1
    dev: true

  /browser-stdout/1.3.1:
    resolution: {integrity: sha1-uqVZ7hTO1zRSIputcyZGfGH6vWA=}
    dev: true

  /buffer-indexof-polyfill/1.0.2:
    resolution: {integrity: sha1-0nMhNcWZnGSyd/z5savjSYJUcpw=}
    engines: {node: '>=0.10'}
    dev: true

  /buffers/0.1.1:
    resolution: {integrity: sha1-skV5w77U1tOWru5tmorn9Ugqt7s=}
    engines: {node: '>=0.2.0'}
    dev: true

  /call-bind/1.0.2:
    resolution: {integrity: sha1-sdTonmiBGcPJqQOtMKuy9qkZvjw=}
    dependencies:
      function-bind: 1.1.1
      get-intrinsic: 1.1.3
    dev: false

  /callsites/3.1.0:
    resolution: {integrity: sha1-s2MKvYlDQy9Us/BRkjjjPNffL3M=}
    engines: {node: '>=6'}
    dev: true

  /camelcase/6.3.0:
    resolution: {integrity: sha1-VoW5XrIJrJwMF3Rnd4ychN9Yupo=}
    engines: {node: '>=10'}
    dev: true

  /chainsaw/0.1.0:
    resolution: {integrity: sha1-XqtQsor+WAdNDVgpE4iCi15fvJg=}
    dependencies:
      traverse: 0.3.9
    dev: true

  /chalk/4.1.2:
    resolution: {integrity: sha1-qsTit3NKdAhnrrFr8CqtVWoeegE=}
    engines: {node: '>=10'}
    dependencies:
      ansi-styles: 4.3.0
      supports-color: 7.2.0
    dev: true

  /chokidar/3.5.3:
    resolution: {integrity: sha1-HPN8hwe5Mr0a8a4iwEMuKs0ZA70=}
    engines: {node: '>= 8.10.0'}
    dependencies:
      anymatch: 3.1.2
      braces: 3.0.2
      glob-parent: 5.1.2
      is-binary-path: 2.1.0
      is-glob: 4.0.3
      normalize-path: 3.0.0
      readdirp: 3.6.0
    optionalDependencies:
      fsevents: 2.3.2
    dev: true

  /cliui/7.0.4:
    resolution: {integrity: sha1-oCZe5lVHb8gHrqnfPfjfd4OAi08=}
    dependencies:
      string-width: 4.2.3
      strip-ansi: 6.0.1
      wrap-ansi: 7.0.0
    dev: true

  /color-convert/2.0.1:
    resolution: {integrity: sha1-ctOmjVmMm9s68q0ehPIdiWq9TeM=}
    engines: {node: '>=7.0.0'}
    dependencies:
      color-name: 1.1.4
    dev: true

  /color-name/1.1.4:
    resolution: {integrity: sha1-wqCah6y95pVD3m9j+jmVyCbFNqI=}
    dev: true

  /concat-map/0.0.1:
    resolution: {integrity: sha1-2Klr13/Wjfd5OnMDajug1UBdR3s=}
    dev: true

  /core-util-is/1.0.3:
    resolution: {integrity: sha1-pgQtNjTCsn6TKPg3uWX6yDgI24U=}
    dev: true

  /cross-spawn/7.0.3:
    resolution: {integrity: sha1-9zqFudXUHQRVUcF34ogtSshXKKY=}
    engines: {node: '>= 8'}
    dependencies:
      path-key: 3.1.1
      shebang-command: 2.0.0
      which: 2.0.2
    dev: true

  /debug/4.3.4:
    resolution: {integrity: sha1-Exn2V5NX8jONMzfSzdSRS7XcyGU=}
    engines: {node: '>=6.0'}
    peerDependencies:
      supports-color: '*'
    peerDependenciesMeta:
      supports-color:
        optional: true
    dependencies:
      ms: 2.1.2
    dev: true

  /debug/4.3.4_supports-color@8.1.1:
    resolution: {integrity: sha1-Exn2V5NX8jONMzfSzdSRS7XcyGU=}
    engines: {node: '>=6.0'}
    peerDependencies:
      supports-color: '*'
    peerDependenciesMeta:
      supports-color:
        optional: true
    dependencies:
      ms: 2.1.2
      supports-color: 8.1.1
    dev: true

  /decamelize/4.0.0:
    resolution: {integrity: sha1-qkcte/Zg6xXzSU79UxyrfypwmDc=}
    engines: {node: '>=10'}
    dev: true

  /deep-is/0.1.4:
    resolution: {integrity: sha1-pvLc5hL63S7x9Rm3NVHxfoUZmDE=}
    dev: true

  /diff/5.0.0:
    resolution: {integrity: sha1-ftatdthZ0DB4fsNYVfWx2vMdhSs=}
    engines: {node: '>=0.3.1'}
    dev: true

  /dir-glob/3.0.1:
    resolution: {integrity: sha1-Vtv3PZkqSpO6FYT0U0Bj/S5BcX8=}
    engines: {node: '>=8'}
    dependencies:
      path-type: 4.0.0
    dev: true

  /doctrine/3.0.0:
    resolution: {integrity: sha1-rd6+rXKmV023g2OdyHoSF3OXOWE=}
    engines: {node: '>=6.0.0'}
    dependencies:
      esutils: 2.0.3
    dev: true

  /duplexer2/0.1.4:
    resolution: {integrity: sha1-ixLauHjA1p4+eJEFFmKjL8a93ME=}
    dependencies:
      readable-stream: 2.3.7
    dev: true

  /emoji-regex/8.0.0:
    resolution: {integrity: sha1-6Bj9ac5cz8tARZT4QpY79TFkzDc=}
    dev: true

  /escalade/3.1.1:
    resolution: {integrity: sha1-2M/ccACWXFoBdLSoLqpcBVJ0LkA=}
    engines: {node: '>=6'}
    dev: true

  /escape-string-regexp/4.0.0:
    resolution: {integrity: sha1-FLqDpdNz49MR5a/KKc9b+tllvzQ=}
    engines: {node: '>=10'}
    dev: true

  /eslint-scope/5.1.1:
    resolution: {integrity: sha1-54blmmbLkrP2wfsNUIqrF0hI9Iw=}
    engines: {node: '>=8.0.0'}
    dependencies:
      esrecurse: 4.3.0
      estraverse: 4.3.0
    dev: true

  /eslint-scope/7.1.1:
    resolution: {integrity: sha1-//NIlML2XlIm0wQaxIC0UToWNkI=}
    engines: {node: ^12.22.0 || ^14.17.0 || >=16.0.0}
    dependencies:
      esrecurse: 4.3.0
      estraverse: 5.3.0
    dev: true

  /eslint-utils/3.0.0_eslint@8.25.0:
    resolution: {integrity: sha1-iuuvrOc0W7M1WdsKHxOh0tSMNnI=}
    engines: {node: ^10.0.0 || ^12.0.0 || >= 14.0.0}
    peerDependencies:
      eslint: '>=5'
    dependencies:
      eslint: 8.25.0
      eslint-visitor-keys: 2.1.0
    dev: true

  /eslint-visitor-keys/2.1.0:
    resolution: {integrity: sha1-9lMoJZMFknOSyTjtROsKXJsr0wM=}
    engines: {node: '>=10'}
    dev: true

  /eslint-visitor-keys/3.3.0:
    resolution: {integrity: sha1-9kgPprHzDv4tGWiqisdFuGJGmCY=}
    engines: {node: ^12.22.0 || ^14.17.0 || >=16.0.0}
    dev: true

  /eslint/8.25.0:
    resolution: {integrity: sha1-AOuWL1CWIWXQxO4zJ3CDFeqoBYs=}
    engines: {node: ^12.22.0 || ^14.17.0 || >=16.0.0}
    hasBin: true
    dependencies:
      '@eslint/eslintrc': 1.3.3
      '@humanwhocodes/config-array': 0.10.7
      '@humanwhocodes/module-importer': 1.0.1
      ajv: 6.12.6
      chalk: 4.1.2
      cross-spawn: 7.0.3
      debug: 4.3.4
      doctrine: 3.0.0
      escape-string-regexp: 4.0.0
      eslint-scope: 7.1.1
      eslint-utils: 3.0.0_eslint@8.25.0
      eslint-visitor-keys: 3.3.0
      espree: 9.4.0
      esquery: 1.4.0
      esutils: 2.0.3
      fast-deep-equal: 3.1.3
      file-entry-cache: 6.0.1
      find-up: 5.0.0
      glob-parent: 6.0.2
      globals: 13.17.0
      globby: 11.1.0
      grapheme-splitter: 1.0.4
      ignore: 5.2.0
      import-fresh: 3.3.0
      imurmurhash: 0.1.4
      is-glob: 4.0.3
      js-sdsl: 4.1.5
      js-yaml: 4.1.0
      json-stable-stringify-without-jsonify: 1.0.1
      levn: 0.4.1
      lodash.merge: 4.6.2
      minimatch: 3.1.2
      natural-compare: 1.4.0
      optionator: 0.9.1
      regexpp: 3.2.0
      strip-ansi: 6.0.1
      strip-json-comments: 3.1.1
      text-table: 0.2.0
    transitivePeerDependencies:
      - supports-color
    dev: true

  /espree/9.4.0:
    resolution: {integrity: sha1-zUvD1ukzbEMyZfwKoBb8Gq8YL4o=}
    engines: {node: ^12.22.0 || ^14.17.0 || >=16.0.0}
    dependencies:
      acorn: 8.8.0
      acorn-jsx: 5.3.2_acorn@8.8.0
      eslint-visitor-keys: 3.3.0
    dev: true

  /esquery/1.4.0:
    resolution: {integrity: sha1-IUj/w4uC6McFff7UhCWz5h8PJKU=}
    engines: {node: '>=0.10'}
    dependencies:
      estraverse: 5.3.0
    dev: true

  /esrecurse/4.3.0:
    resolution: {integrity: sha1-eteWTWeauyi+5yzsY3WLHF0smSE=}
    engines: {node: '>=4.0'}
    dependencies:
      estraverse: 5.3.0
    dev: true

  /estraverse/4.3.0:
    resolution: {integrity: sha1-OYrT88WiSUi+dyXoPRGn3ijNvR0=}
    engines: {node: '>=4.0'}
    dev: true

  /estraverse/5.3.0:
    resolution: {integrity: sha1-LupSkHAvJquP5TcDcP+GyWXSESM=}
    engines: {node: '>=4.0'}
    dev: true

  /esutils/2.0.3:
    resolution: {integrity: sha1-dNLrTeC42hKTcRkQ1Qd1ubcQ72Q=}
    engines: {node: '>=0.10.0'}
    dev: true

  /fast-deep-equal/3.1.3:
    resolution: {integrity: sha1-On1WtVnWy8PrUSMlJE5hmmXGxSU=}
    dev: true

  /fast-glob/3.2.12:
    resolution: {integrity: sha1-fznsmcLmqwMDNxQtqeDBjzevroA=}
    engines: {node: '>=8.6.0'}
    dependencies:
      '@nodelib/fs.stat': 2.0.5
      '@nodelib/fs.walk': 1.2.8
      glob-parent: 5.1.2
      merge2: 1.4.1
      micromatch: 4.0.5
    dev: true

  /fast-json-stable-stringify/2.1.0:
    resolution: {integrity: sha1-h0v2nG9ATCtdmcSBNBOZ/VWJJjM=}
    dev: true

  /fast-levenshtein/2.0.6:
    resolution: {integrity: sha1-PYpcZog6FqMMqGQ+hR8Zuqd5eRc=}
    dev: true

  /fastq/1.13.0:
    resolution: {integrity: sha1-YWdg+Ip1Jr38WWt8q4wYk4w2uYw=}
    dependencies:
      reusify: 1.0.4
    dev: true

  /file-entry-cache/6.0.1:
    resolution: {integrity: sha1-IRst2WWcsDlLBz5zI6w8kz1SICc=}
    engines: {node: ^10.12.0 || >=12.0.0}
    dependencies:
      flat-cache: 3.0.4
    dev: true

  /fill-range/7.0.1:
    resolution: {integrity: sha1-GRmmp8df44ssfHflGYU12prN2kA=}
    engines: {node: '>=8'}
    dependencies:
      to-regex-range: 5.0.1
    dev: true

  /find-up/5.0.0:
    resolution: {integrity: sha1-TJKBnstwg1YeT0okCoa+UZj1Nvw=}
    engines: {node: '>=10'}
    dependencies:
      locate-path: 6.0.0
      path-exists: 4.0.0
    dev: true

  /flat-cache/3.0.4:
    resolution: {integrity: sha1-YbAzgwKy/p+Vfcwy/CqH8cMEixE=}
    engines: {node: ^10.12.0 || >=12.0.0}
    dependencies:
      flatted: 3.2.7
      rimraf: 3.0.2
    dev: true

  /flat/5.0.2:
    resolution: {integrity: sha1-jKb+MyBp/6nTJMMnGYxZglnOskE=}
    hasBin: true
    dev: true

  /flatted/3.2.7:
    resolution: {integrity: sha1-YJ85IHy2FLidB2W0d8stQ3+/l4c=}
    dev: true

  /fs.realpath/1.0.0:
    resolution: {integrity: sha1-FQStJSMVjKpA20onh8sBQRmU6k8=}
    dev: true

  /fsevents/2.3.2:
    resolution: {integrity: sha1-ilJveLj99GI7cJ4Ll1xSwkwC/Ro=}
    engines: {node: ^8.16.0 || ^10.6.0 || >=11.0.0}
    os: [darwin]
    requiresBuild: true
    dev: true
    optional: true

  /fstream/1.0.12:
    resolution: {integrity: sha1-Touo7i1Ivk99DeUFRVVI6uWTIEU=}
    engines: {node: '>=0.6'}
    dependencies:
      graceful-fs: 4.2.10
      inherits: 2.0.4
      mkdirp: 0.5.6
      rimraf: 2.7.1
    dev: true

  /function-bind/1.1.1:
    resolution: {integrity: sha1-pWiZ0+o8m6uHS7l3O3xe3pL0iV0=}
    dev: false

  /get-caller-file/2.0.5:
    resolution: {integrity: sha1-T5RBKoLbMvNuOwuXQfipf+sDH34=}
    engines: {node: 6.* || 8.* || >= 10.*}
    dev: true

  /get-intrinsic/1.1.3:
    resolution: {integrity: sha1-BjyEMprZPoOJPH9PJD72P/o1E4U=}
    dependencies:
      function-bind: 1.1.1
      has: 1.0.3
      has-symbols: 1.0.3
    dev: false

  /glob-parent/5.1.2:
    resolution: {integrity: sha1-hpgyxYA0/mikCTwX3BXoNA2EAcQ=}
    engines: {node: '>= 6'}
    dependencies:
      is-glob: 4.0.3
    dev: true

  /glob-parent/6.0.2:
    resolution: {integrity: sha1-bSN9mQg5UMeSkPJMdkKj3poo+eM=}
    engines: {node: '>=10.13.0'}
    dependencies:
      is-glob: 4.0.3
    dev: true

  /glob/7.2.0:
    resolution: {integrity: sha1-0VU1r3cy4C6Uj0xBYovZECk/YCM=}
    dependencies:
      fs.realpath: 1.0.0
      inflight: 1.0.6
      inherits: 2.0.4
      minimatch: 3.1.2
      once: 1.4.0
      path-is-absolute: 1.0.1
    dev: true

  /glob/8.0.3:
    resolution: {integrity: sha1-QVxust7tnlAsaPpEonLm2m7spC4=}
    engines: {node: '>=12'}
    dependencies:
      fs.realpath: 1.0.0
      inflight: 1.0.6
      inherits: 2.0.4
      minimatch: 5.1.0
      once: 1.4.0
    dev: true

  /globals/13.17.0:
    resolution: {integrity: sha1-kC6x5oCkHak5Ra29y1qfNhumm9Q=}
    engines: {node: '>=8'}
    dependencies:
      type-fest: 0.20.2
    dev: true

  /globby/11.1.0:
    resolution: {integrity: sha1-vUvpi7BC+D15b344EZkfvoKg00s=}
    engines: {node: '>=10'}
    dependencies:
      array-union: 2.1.0
      dir-glob: 3.0.1
      fast-glob: 3.2.12
      ignore: 5.2.0
      merge2: 1.4.1
      slash: 3.0.0
    dev: true

  /graceful-fs/4.2.10:
    resolution: {integrity: sha1-FH06AG2kyjzhRyjHrvwofDZ9emw=}
    dev: true

  /grapheme-splitter/1.0.4:
    resolution: {integrity: sha1-nPOmZcYkdHmJaDSvNc8du0QAdn4=}
    dev: true

  /has-flag/4.0.0:
    resolution: {integrity: sha1-lEdx/ZyByBJlxNaUGGDaBrtZR5s=}
    engines: {node: '>=8'}
    dev: true

  /has-symbols/1.0.3:
    resolution: {integrity: sha1-u3ssQ0klHc6HsSX3vfh0qnyLOfg=}
    engines: {node: '>= 0.4'}
    dev: false

  /has/1.0.3:
    resolution: {integrity: sha1-ci18v8H2qoJB8W3YFOAR4fQeh5Y=}
    engines: {node: '>= 0.4.0'}
    dependencies:
      function-bind: 1.1.1
    dev: false

  /he/1.2.0:
    resolution: {integrity: sha1-hK5l+n6vsWX922FWauFLrwVmTw8=}
    hasBin: true
    dev: true

  /http-proxy-agent/4.0.1:
    resolution: {integrity: sha1-ioyO9/WTLM+VPClsqCkblap0qjo=}
    engines: {node: '>= 6'}
    dependencies:
      '@tootallnate/once': 1.1.2
      agent-base: 6.0.2
      debug: 4.3.4
    transitivePeerDependencies:
      - supports-color
    dev: true

  /https-proxy-agent/5.0.1:
    resolution: {integrity: sha1-xZ7yJKBP6LdU89sAY6Jeow0ABdY=}
    engines: {node: '>= 6'}
    dependencies:
      agent-base: 6.0.2
      debug: 4.3.4
    transitivePeerDependencies:
      - supports-color
    dev: true

  /ignore/5.2.0:
    resolution: {integrity: sha1-bTusj6f+DUXZ+b57rC/CeVd+NFo=}
    engines: {node: '>= 4'}
    dev: true

  /import-fresh/3.3.0:
    resolution: {integrity: sha1-NxYsJfy566oublPVtNiM4X2eDCs=}
    engines: {node: '>=6'}
    dependencies:
      parent-module: 1.0.1
      resolve-from: 4.0.0
    dev: true

  /imurmurhash/0.1.4:
    resolution: {integrity: sha1-khi5srkoojixPcT7a21XbyMUU+o=}
    engines: {node: '>=0.8.19'}
    dev: true

  /inflight/1.0.6:
    resolution: {integrity: sha1-Sb1jMdfQLQwJvJEKEHW6gWW1bfk=}
    dependencies:
      once: 1.4.0
      wrappy: 1.0.2
    dev: true

  /inherits/2.0.4:
    resolution: {integrity: sha1-D6LGT5MpF8NDOg3tVTY6rjdBa3w=}
    dev: true

  /is-binary-path/2.1.0:
    resolution: {integrity: sha1-6h9/O4DwZCNug0cPhsCcJU+0Wwk=}
    engines: {node: '>=8'}
    dependencies:
      binary-extensions: 2.2.0
    dev: true

  /is-extglob/2.1.1:
    resolution: {integrity: sha1-qIwCU1eR8C7TfHahueqXc8gz+MI=}
    engines: {node: '>=0.10.0'}
    dev: true

  /is-fullwidth-code-point/3.0.0:
    resolution: {integrity: sha1-8Rb4Bk/pCz94RKOJl8C3UFEmnx0=}
    engines: {node: '>=8'}
    dev: true

  /is-glob/4.0.3:
    resolution: {integrity: sha1-ZPYeQsu7LuwgcanawLKLoeZdUIQ=}
    engines: {node: '>=0.10.0'}
    dependencies:
      is-extglob: 2.1.1
    dev: true

  /is-number/7.0.0:
    resolution: {integrity: sha1-dTU0W4lnNNX4DE0GxQlVUnoU8Ss=}
    engines: {node: '>=0.12.0'}
    dev: true

  /is-plain-obj/2.1.0:
    resolution: {integrity: sha1-ReQuN/zPH0Dajl927iFRWEDAkoc=}
    engines: {node: '>=8'}
    dev: true

  /is-unicode-supported/0.1.0:
    resolution: {integrity: sha1-PybHaoCVk7Ur+i7LVxDtJ3m1Iqc=}
    engines: {node: '>=10'}
    dev: true

  /isarray/1.0.0:
    resolution: {integrity: sha1-u5NdSFgsuhaMBoNJV6VKPgcSTxE=}
    dev: true

  /isexe/2.0.0:
    resolution: {integrity: sha1-6PvzdNxVb/iUehDcsFctYz8s+hA=}
    dev: true

  /js-sdsl/4.1.5:
    resolution: {integrity: sha1-H/FkXmtNGwKM0/hi24jJ2Ifybio=}
    dev: true

  /js-yaml/4.1.0:
    resolution: {integrity: sha1-wftl+PUBeQHN0slRhkuhhFihBgI=}
    hasBin: true
    dependencies:
      argparse: 2.0.1
    dev: true

  /json-schema-traverse/0.4.1:
    resolution: {integrity: sha1-afaofZUTq4u4/mO9sJecRI5oRmA=}
    dev: true

  /json-stable-stringify-without-jsonify/1.0.1:
    resolution: {integrity: sha1-nbe1lJatPzz+8wp1FC0tkwrXJlE=}
    dev: true

  /levn/0.4.1:
    resolution: {integrity: sha1-rkViwAdHO5MqYgDUAyaN0v/8at4=}
    engines: {node: '>= 0.8.0'}
    dependencies:
      prelude-ls: 1.2.1
      type-check: 0.4.0
    dev: true

  /listenercount/1.0.1:
    resolution: {integrity: sha1-hMinKrWcRyUyFIDJdeZQg0LnCTc=}
    dev: true

  /locate-path/6.0.0:
    resolution: {integrity: sha1-VTIeswn+u8WcSAHZMackUqaB0oY=}
    engines: {node: '>=10'}
    dependencies:
      p-locate: 5.0.0
    dev: true

  /lodash.merge/4.6.2:
    resolution: {integrity: sha1-VYqlO0O2YeGSWgr9+japoQhf5Xo=}
    dev: true

  /log-symbols/4.1.0:
    resolution: {integrity: sha1-P727lbRoOsn8eFER55LlWNSr1QM=}
    engines: {node: '>=10'}
    dependencies:
      chalk: 4.1.2
      is-unicode-supported: 0.1.0
    dev: true

  /lru-cache/6.0.0:
    resolution: {integrity: sha1-bW/mVw69lqr5D8rR2vo7JWbbOpQ=}
    engines: {node: '>=10'}
    dependencies:
      yallist: 4.0.0
    dev: true

  /merge2/1.4.1:
    resolution: {integrity: sha1-Q2iJL4hekHRVpv19xVwMnUBJkK4=}
    engines: {node: '>= 8'}
    dev: true

  /micromatch/4.0.5:
    resolution: {integrity: sha1-vImZp8u/d83InxMvbkZwUbSQkMY=}
    engines: {node: '>=8.6'}
    dependencies:
      braces: 3.0.2
      picomatch: 2.3.1
    dev: true

  /minimatch/3.1.2:
    resolution: {integrity: sha1-Gc0ZS/0+Qo8EmnCBfAONiatL41s=}
    dependencies:
      brace-expansion: 1.1.11
    dev: true

  /minimatch/5.0.1:
    resolution: {integrity: sha1-+5Ai91KBJRh8kr2em2NmvhzzQVs=}
    engines: {node: '>=10'}
    dependencies:
      brace-expansion: 2.0.1
    dev: true

  /minimatch/5.1.0:
    resolution: {integrity: sha1-Fxe0ZPSXGxRPaqvo8tC45FEeCcc=}
    engines: {node: '>=10'}
    dependencies:
      brace-expansion: 2.0.1
    dev: true

  /minimist/1.2.7:
    resolution: {integrity: sha1-2qHE2R9Qc5BDfGqLwBB45wAMTRg=}
    dev: true

  /mkdirp/0.5.6:
    resolution: {integrity: sha1-fe8D0kMtyuS6HWEURcSDlgYiVfY=}
    hasBin: true
    dependencies:
      minimist: 1.2.7
    dev: true

  /mocha/10.1.0:
    resolution: {integrity: sha1-2/ERS3w/nQyl3jEzkGrqPfyJ73o=}
    engines: {node: '>= 14.0.0'}
    hasBin: true
    dependencies:
      ansi-colors: 4.1.1
      browser-stdout: 1.3.1
      chokidar: 3.5.3
      debug: 4.3.4_supports-color@8.1.1
      diff: 5.0.0
      escape-string-regexp: 4.0.0
      find-up: 5.0.0
      glob: 7.2.0
      he: 1.2.0
      js-yaml: 4.1.0
      log-symbols: 4.1.0
      minimatch: 5.0.1
      ms: 2.1.3
      nanoid: 3.3.3
      serialize-javascript: 6.0.0
      strip-json-comments: 3.1.1
      supports-color: 8.1.1
      workerpool: 6.2.1
      yargs: 16.2.0
      yargs-parser: 20.2.4
      yargs-unparser: 2.0.0
    dev: true

  /ms/2.1.2:
    resolution: {integrity: sha1-0J0fNXtEP0kzgqjrPM0YOHKuYAk=}
    dev: true

  /ms/2.1.3:
    resolution: {integrity: sha1-V0yBOM4dK1hh8LRFedut1gxmFbI=}
    dev: true

  /nanoid/3.3.3:
    resolution: {integrity: sha1-/Y6Leqdh/oB9ui0bmPtyQbtySiU=}
    engines: {node: ^10 || ^12 || ^13.7 || ^14 || >=15.0.1}
    hasBin: true
    dev: true

  /natural-compare/1.4.0:
    resolution: {integrity: sha1-Sr6/7tdUHywnrPspvbvRXI1bpPc=}
    dev: true

  /normalize-path/3.0.0:
    resolution: {integrity: sha1-Dc1p/yOhybEf0JeDFmRKA4ghamU=}
    engines: {node: '>=0.10.0'}
    dev: true

  /object-inspect/1.12.2:
    resolution: {integrity: sha1-wGQfJjlFMvKKuNeWq5VOQ8AJqOo=}
    dev: false

  /once/1.4.0:
    resolution: {integrity: sha1-WDsap3WWHUsROsF9nFC6753Xa9E=}
    dependencies:
      wrappy: 1.0.2
    dev: true

  /optionator/0.9.1:
    resolution: {integrity: sha1-TyNqY3Pa4FZqbUPhMmZ09QwpFJk=}
    engines: {node: '>= 0.8.0'}
    dependencies:
      deep-is: 0.1.4
      fast-levenshtein: 2.0.6
      levn: 0.4.1
      prelude-ls: 1.2.1
      type-check: 0.4.0
      word-wrap: 1.2.3
    dev: true

  /p-limit/3.1.0:
    resolution: {integrity: sha1-4drMvnjQ0TiMoYxk/qOOPlfjcGs=}
    engines: {node: '>=10'}
    dependencies:
      yocto-queue: 0.1.0
    dev: true

  /p-locate/5.0.0:
    resolution: {integrity: sha1-g8gxXGeFAF470CGDlBHJ4RDm2DQ=}
    engines: {node: '>=10'}
    dependencies:
      p-limit: 3.1.0
    dev: true

  /parent-module/1.0.1:
    resolution: {integrity: sha1-aR0nCeeMefrjoVZiJFLQB2LKqqI=}
    engines: {node: '>=6'}
    dependencies:
      callsites: 3.1.0
    dev: true

  /path-exists/4.0.0:
    resolution: {integrity: sha1-UTvb4tO5XXdi6METfvoZXGxhtbM=}
    engines: {node: '>=8'}
    dev: true

  /path-is-absolute/1.0.1:
    resolution: {integrity: sha1-F0uSaHNVNP+8es5r9TpanhtcX18=}
    engines: {node: '>=0.10.0'}
    dev: true

  /path-key/3.1.1:
    resolution: {integrity: sha1-WB9q3mWMu6ZaDTOA3ndTKVBU83U=}
    engines: {node: '>=8'}
    dev: true

  /path-type/4.0.0:
    resolution: {integrity: sha1-hO0BwKe6OAr+CdkKjBgNzZ0DBDs=}
    engines: {node: '>=8'}
    dev: true

  /picomatch/2.3.1:
    resolution: {integrity: sha1-O6ODNzNkbZ0+SZWUbBNlpn+wekI=}
    engines: {node: '>=8.6'}
    dev: true

  /prelude-ls/1.2.1:
    resolution: {integrity: sha1-3rxkidem5rDnYRiIzsiAM30xY5Y=}
    engines: {node: '>= 0.8.0'}
    dev: true

  /process-nextick-args/2.0.1:
    resolution: {integrity: sha1-eCDZsWEgzFXKmud5JoCufbptf+I=}
    dev: true

  /punycode/2.1.1:
    resolution: {integrity: sha1-tYsBCsQMIsVldhbI0sLALHv0eew=}
    engines: {node: '>=6'}
    dev: true

  /qs/6.11.0:
    resolution: {integrity: sha1-/Q2WNEb3pl4TZ+AavYVClFPww3o=}
    engines: {node: '>=0.6'}
    dependencies:
      side-channel: 1.0.4
    dev: false

  /queue-microtask/1.2.3:
    resolution: {integrity: sha1-SSkii7xyTfrEPg77BYyve2z7YkM=}
    dev: true

  /randombytes/2.1.0:
    resolution: {integrity: sha1-32+ENy8CcNxlzfYpE0mrekc9Tyo=}
    dependencies:
      safe-buffer: 5.2.1
    dev: true

  /readable-stream/2.3.7:
    resolution: {integrity: sha1-Hsoc9xGu+BTAT2IlKjamL2yyO1c=}
    dependencies:
      core-util-is: 1.0.3
      inherits: 2.0.4
      isarray: 1.0.0
      process-nextick-args: 2.0.1
      safe-buffer: 5.1.2
      string_decoder: 1.1.1
      util-deprecate: 1.0.2
    dev: true

  /readdirp/3.6.0:
    resolution: {integrity: sha1-dKNwvYVxFuJFspzJc0DNQxoCpsc=}
    engines: {node: '>=8.10.0'}
    dependencies:
      picomatch: 2.3.1
    dev: true

  /regexpp/3.2.0:
    resolution: {integrity: sha1-BCWido2PI7rXDKS5BGH6LxIT4bI=}
    engines: {node: '>=8'}
    dev: true

  /require-directory/2.1.1:
    resolution: {integrity: sha1-jGStX9MNqxyXbiNE/+f3kqam30I=}
    engines: {node: '>=0.10.0'}
    dev: true

  /resolve-from/4.0.0:
    resolution: {integrity: sha1-SrzYUq0y3Xuqv+m0DgCjbbXzkuY=}
    engines: {node: '>=4'}
    dev: true

  /reusify/1.0.4:
    resolution: {integrity: sha1-kNo4Kx4SbvwCFG6QhFqI2xKSXXY=}
    engines: {iojs: '>=1.0.0', node: '>=0.10.0'}
    dev: true

  /rimraf/2.7.1:
    resolution: {integrity: sha1-NXl/E6f9rcVmFCwp1PB8ytSD4+w=}
    hasBin: true
    dependencies:
      glob: 7.2.0
    dev: true

  /rimraf/3.0.2:
    resolution: {integrity: sha1-8aVAK6YiCtUswSgrrBrjqkn9Bho=}
    hasBin: true
    dependencies:
      glob: 7.2.0
    dev: true

  /run-parallel/1.2.0:
    resolution: {integrity: sha1-ZtE2jae9+SHrnZW9GpIp5/IaQ+4=}
    dependencies:
      queue-microtask: 1.2.3
    dev: true

  /safe-buffer/5.1.2:
    resolution: {integrity: sha1-mR7GnSluAxN0fVm9/St0XDX4go0=}
    dev: true

  /safe-buffer/5.2.1:
    resolution: {integrity: sha1-Hq+fqb2x/dTsdfWPnNtOa3gn7sY=}
    dev: true

  /semver/7.3.8:
    resolution: {integrity: sha1-B6eP6vs/ezI0fXJeM95+Ki32d5g=}
    engines: {node: '>=10'}
    hasBin: true
    dependencies:
      lru-cache: 6.0.0
    dev: true

  /serialize-javascript/6.0.0:
    resolution: {integrity: sha1-765diPRdeSQUHai1w6en5mP+/rg=}
    dependencies:
      randombytes: 2.1.0
    dev: true

  /setimmediate/1.0.5:
    resolution: {integrity: sha1-KQy7Iy4waULX1+qbg3Mqt4VvgoU=}
    dev: true

  /shebang-command/2.0.0:
    resolution: {integrity: sha1-zNCvT4g1+9wmW4JGGq8MNmY/NOo=}
    engines: {node: '>=8'}
    dependencies:
      shebang-regex: 3.0.0
    dev: true

  /shebang-regex/3.0.0:
    resolution: {integrity: sha1-rhbxZE2HPsrYQ7AwexQzYtTEIXI=}
    engines: {node: '>=8'}
    dev: true

  /side-channel/1.0.4:
    resolution: {integrity: sha1-785cj9wQTudRslxY1CkAEfpeos8=}
    dependencies:
      call-bind: 1.0.2
      get-intrinsic: 1.1.3
      object-inspect: 1.12.2
    dev: false

  /slash/3.0.0:
    resolution: {integrity: sha1-ZTm+hwwWWtvVJAIg2+Nh8bxNRjQ=}
    engines: {node: '>=8'}
    dev: true

  /string-width/4.2.3:
    resolution: {integrity: sha1-JpxxF9J7Ba0uU2gwqOyJXvnG0BA=}
    engines: {node: '>=8'}
    dependencies:
      emoji-regex: 8.0.0
      is-fullwidth-code-point: 3.0.0
      strip-ansi: 6.0.1
    dev: true

  /string_decoder/1.1.1:
    resolution: {integrity: sha1-nPFhG6YmhdcDCunkujQUnDrwP8g=}
    dependencies:
      safe-buffer: 5.1.2
    dev: true

  /strip-ansi/6.0.1:
    resolution: {integrity: sha1-nibGPTD1NEPpSJSVshBdN7Z6hdk=}
    engines: {node: '>=8'}
    dependencies:
      ansi-regex: 5.0.1
    dev: true

  /strip-json-comments/3.1.1:
    resolution: {integrity: sha1-MfEoGzgyYwQ0gxwxDAHMzajL4AY=}
    engines: {node: '>=8'}
    dev: true

  /supports-color/7.2.0:
    resolution: {integrity: sha1-G33NyzK4E4gBs+R4umpRyqiWSNo=}
    engines: {node: '>=8'}
    dependencies:
      has-flag: 4.0.0
    dev: true

  /supports-color/8.1.1:
    resolution: {integrity: sha1-zW/BfihQDP9WwbhsCn/UpUpzAFw=}
    engines: {node: '>=10'}
    dependencies:
      has-flag: 4.0.0
    dev: true

  /text-table/0.2.0:
    resolution: {integrity: sha1-f17oI66AUgfACvLfSoTsP8+lcLQ=}
    dev: true

  /to-regex-range/5.0.1:
    resolution: {integrity: sha1-FkjESq58jZiKMmAY7XL1tN0DkuQ=}
    engines: {node: '>=8.0'}
    dependencies:
      is-number: 7.0.0
    dev: true

  /traverse/0.3.9:
    resolution: {integrity: sha1-cXuPIgzAu3tE5AUUwisui7xw2Lk=}
    dev: true

  /tslib/1.14.1:
    resolution: {integrity: sha1-zy04vcNKE0vK8QkcQfZhni9nLQA=}
    dev: true

  /tsutils/3.21.0_typescript@4.8.4:
    resolution: {integrity: sha1-tIcX05TOpsHglpg+7Vjp1hcVtiM=}
    engines: {node: '>= 6'}
    peerDependencies:
      typescript: '>=2.8.0 || >= 3.2.0-dev || >= 3.3.0-dev || >= 3.4.0-dev || >= 3.5.0-dev || >= 3.6.0-dev || >= 3.6.0-beta || >= 3.7.0-dev || >= 3.7.0-beta'
    dependencies:
      tslib: 1.14.1
      typescript: 4.8.4
    dev: true

  /tunnel/0.0.6:
    resolution: {integrity: sha1-cvExSzSlsZLbASMk3yzFh8pH+Sw=}
    engines: {node: '>=0.6.11 <=0.7.0 || >=0.7.3'}
    dev: false

  /type-check/0.4.0:
    resolution: {integrity: sha1-B7ggO/pwVsBlcFDjzNLDdzC6uPE=}
    engines: {node: '>= 0.8.0'}
    dependencies:
      prelude-ls: 1.2.1
    dev: true

  /type-fest/0.20.2:
    resolution: {integrity: sha1-G/IH9LKPkVg2ZstfvTJ4hzAc1fQ=}
    engines: {node: '>=10'}
    dev: true

  /typed-rest-client/1.8.9:
    resolution: {integrity: sha1-5WAia8rf5xsPtcQWtYf42juPktg=}
    dependencies:
      qs: 6.11.0
      tunnel: 0.0.6
      underscore: 1.13.6
    dev: false

  /typescript/4.8.4:
    resolution: {integrity: sha1-xGSryhWWaVl75flriUNQCyOOYOY=}
    engines: {node: '>=4.2.0'}
    hasBin: true
    dev: true

  /underscore/1.13.6:
    resolution: {integrity: sha1-BHhqH1idxsCfdh/F9FuJ6TUTZEE=}
    dev: false

  /unzipper/0.10.11:
    resolution: {integrity: sha1-C0mRRGRyy9uS7nQDkJ8mwkGceC4=}
    dependencies:
      big-integer: 1.6.51
      binary: 0.3.0
      bluebird: 3.4.7
      buffer-indexof-polyfill: 1.0.2
      duplexer2: 0.1.4
      fstream: 1.0.12
      graceful-fs: 4.2.10
      listenercount: 1.0.1
      readable-stream: 2.3.7
      setimmediate: 1.0.5
    dev: true

  /uri-js/4.4.1:
    resolution: {integrity: sha1-mxpSWVIlhZ5V9mnZKPiMbFfyp34=}
    dependencies:
      punycode: 2.1.1
    dev: true

  /util-deprecate/1.0.2:
    resolution: {integrity: sha1-RQ1Nyfpw3nMnYvvS1KKJgUGaDM8=}
    dev: true

  /which/2.0.2:
    resolution: {integrity: sha1-fGqN0KY2oDJ+ELWckobu6T8/UbE=}
    engines: {node: '>= 8'}
    hasBin: true
    dependencies:
      isexe: 2.0.0
    dev: true

  /word-wrap/1.2.3:
    resolution: {integrity: sha1-YQY29rH3A4kb00dxzLF/uTtHB5w=}
    engines: {node: '>=0.10.0'}
    dev: true

  /workerpool/6.2.1:
    resolution: {integrity: sha1-RvwVDBfYJrhqAI5aRQhlZ3fpw0M=}
    dev: true

  /wrap-ansi/7.0.0:
    resolution: {integrity: sha1-Z+FFz/UQpqaYS98RUpEdadLrnkM=}
    engines: {node: '>=10'}
    dependencies:
      ansi-styles: 4.3.0
      string-width: 4.2.3
      strip-ansi: 6.0.1
    dev: true

  /wrappy/1.0.2:
    resolution: {integrity: sha1-tSQ9jz7BqjXxNkYFvA0QNuMKtp8=}
    dev: true

  /y18n/5.0.8:
    resolution: {integrity: sha1-f0k00PfKjFb5UxSTndzS3ZHOHVU=}
    engines: {node: '>=10'}
    dev: true

  /yallist/4.0.0:
    resolution: {integrity: sha1-m7knkNnA7/7GO+c1GeEaNQGaOnI=}
    dev: true

  /yargs-parser/20.2.4:
    resolution: {integrity: sha1-tCiQ8UVmeW+Fro46JSkNIF8VSlQ=}
    engines: {node: '>=10'}
    dev: true

  /yargs-unparser/2.0.0:
    resolution: {integrity: sha1-8TH5ImkRrl2a04xDL+gJNmwjJes=}
    engines: {node: '>=10'}
    dependencies:
      camelcase: 6.3.0
      decamelize: 4.0.0
      flat: 5.0.2
      is-plain-obj: 2.1.0
    dev: true

  /yargs/16.2.0:
    resolution: {integrity: sha1-HIK/D2tqZur85+8w43b0mhJHf2Y=}
    engines: {node: '>=10'}
    dependencies:
      cliui: 7.0.4
      escalade: 3.1.1
      get-caller-file: 2.0.5
      require-directory: 2.1.1
      string-width: 4.2.3
      y18n: 5.0.8
      yargs-parser: 20.2.4
    dev: true

  /yocto-queue/0.1.0:
    resolution: {integrity: sha1-ApTrPe4FAo0x7hpfosVWpqrxChs=}
    engines: {node: '>=10'}
    dev: true
